
Microsoft Visual Studio Solution File, Format Version 12.00
# Visual Studio Version 17
VisualStudioVersion = 17.0.31903.59
MinimumVisualStudioVersion = 10.0.40219.1
Project("{2150E333-8FDC-42A3-9474-1A3956D46DE8}") = "Services", "Services", "{835B983D-5747-44BF-9FD5-97D9846E15AF}"
EndProject
Project("{2150E333-8FDC-42A3-9474-1A3956D46DE8}") = "Catalog", "Catalog", "{0E896F8C-BD89-489F-B878-C0AA61B6BF15}"
EndProject
Project("{2150E333-8FDC-42A3-9474-1A3956D46DE8}") = "Core", "Core", "{C498E80F-C3EC-4487-B4AC-FC98520F3D11}"
EndProject
Project("{2150E333-8FDC-42A3-9474-1A3956D46DE8}") = "Infrastructure", "Infrastructure", "{0713E5C5-D9BD-4F56-9779-2A5229E7A421}"
EndProject
Project("{2150E333-8FDC-42A3-9474-1A3956D46DE8}") = "Presentation", "Presentation", "{7A53FC99-188D-41E6-AC8F-C849F7D8D5AB}"
EndProject
Project("{2150E333-8FDC-42A3-9474-1A3956D46DE8}") = "Tests", "Tests", "{7AE05262-1F39-4A09-A666-0448D7D5C8A0}"
EndProject
Project("{FAE04EC0-301F-11D3-BF4B-00C04F79EFBC}") = "Catalog.Api", "Services\Catalog\Catalog.Api\Catalog.Api.csproj", "{29446184-C58F-40C2-B8AA-CD5CD91F4556}"
EndProject
Project("{FAE04EC0-301F-11D3-BF4B-00C04F79EFBC}") = "Catalog.Application", "Services\Catalog\Catalog.Application\Catalog.Application.csproj", "{3DF898F6-86DA-4ADB-B4F5-CEB7014A0E8E}"
EndProject
Project("{FAE04EC0-301F-11D3-BF4B-00C04F79EFBC}") = "Catalog.Domain", "Services\Catalog\Catalog.Domain\Catalog.Domain.csproj", "{66A85346-7EA8-4200-AFDA-434955805C70}"
EndProject
Project("{FAE04EC0-301F-11D3-BF4B-00C04F79EFBC}") = "Catalog.Persistence", "Services\Catalog\Catalog.Persistence\Catalog.Persistence.csproj", "{47DE46DE-AD37-4BD5-BF11-25FC1A24D1FC}"
EndProject
Global
	GlobalSection(SolutionConfigurationPlatforms) = preSolution
		Debug|Any CPU = Debug|Any CPU
		Release|Any CPU = Release|Any CPU
	EndGlobalSection
	GlobalSection(ProjectConfigurationPlatforms) = postSolution
		{29446184-C58F-40C2-B8AA-CD5CD91F4556}.Debug|Any CPU.ActiveCfg = Debug|Any CPU
		{29446184-C58F-40C2-B8AA-CD5CD91F4556}.Debug|Any CPU.Build.0 = Debug|Any CPU
		{29446184-C58F-40C2-B8AA-CD5CD91F4556}.Release|Any CPU.ActiveCfg = Release|Any CPU
		{29446184-C58F-40C2-B8AA-CD5CD91F4556}.Release|Any CPU.Build.0 = Release|Any CPU
		{3DF898F6-86DA-4ADB-B4F5-CEB7014A0E8E}.Debug|Any CPU.ActiveCfg = Debug|Any CPU
		{3DF898F6-86DA-4ADB-B4F5-CEB7014A0E8E}.Debug|Any CPU.Build.0 = Debug|Any CPU
		{3DF898F6-86DA-4ADB-B4F5-CEB7014A0E8E}.Release|Any CPU.ActiveCfg = Release|Any CPU
		{3DF898F6-86DA-4ADB-B4F5-CEB7014A0E8E}.Release|Any CPU.Build.0 = Release|Any CPU
		{66A85346-7EA8-4200-AFDA-434955805C70}.Debug|Any CPU.ActiveCfg = Debug|Any CPU
		{66A85346-7EA8-4200-AFDA-434955805C70}.Debug|Any CPU.Build.0 = Debug|Any CPU
		{66A85346-7EA8-4200-AFDA-434955805C70}.Release|Any CPU.ActiveCfg = Release|Any CPU
		{66A85346-7EA8-4200-AFDA-434955805C70}.Release|Any CPU.Build.0 = Release|Any CPU
		{47DE46DE-AD37-4BD5-BF11-25FC1A24D1FC}.Debug|Any CPU.ActiveCfg = Debug|Any CPU
		{47DE46DE-AD37-4BD5-BF11-25FC1A24D1FC}.Debug|Any CPU.Build.0 = Debug|Any CPU
		{47DE46DE-AD37-4BD5-BF11-25FC1A24D1FC}.Release|Any CPU.ActiveCfg = Release|Any CPU
		{47DE46DE-AD37-4BD5-BF11-25FC1A24D1FC}.Release|Any CPU.Build.0 = Release|Any CPU
	EndGlobalSection
	GlobalSection(SolutionProperties) = preSolution
		HideSolutionNode = FALSE
	EndGlobalSection
	GlobalSection(NestedProjects) = preSolution
		{0E896F8C-BD89-489F-B878-C0AA61B6BF15} = {835B983D-5747-44BF-9FD5-97D9846E15AF}
		{C498E80F-C3EC-4487-B4AC-FC98520F3D11} = {0E896F8C-BD89-489F-B878-C0AA61B6BF15}
		{0713E5C5-D9BD-4F56-9779-2A5229E7A421} = {0E896F8C-BD89-489F-B878-C0AA61B6BF15}
		{7A53FC99-188D-41E6-AC8F-C849F7D8D5AB} = {0E896F8C-BD89-489F-B878-C0AA61B6BF15}
		{7AE05262-1F39-4A09-A666-0448D7D5C8A0} = {0E896F8C-BD89-489F-B878-C0AA61B6BF15}
		{29446184-C58F-40C2-B8AA-CD5CD91F4556} = {7A53FC99-188D-41E6-AC8F-C849F7D8D5AB}
		{3DF898F6-86DA-4ADB-B4F5-CEB7014A0E8E} = {C498E80F-C3EC-4487-B4AC-FC98520F3D11}
		{66A85346-7EA8-4200-AFDA-434955805C70} = {C498E80F-C3EC-4487-B4AC-FC98520F3D11}
		{47DE46DE-AD37-4BD5-BF11-25FC1A24D1FC} = {0713E5C5-D9BD-4F56-9779-2A5229E7A421}
	EndGlobalSection
EndGlobal
